
Microsoft Visual Studio Solution File, Format Version 12.00
# Visual Studio Version 16
VisualStudioVersion = 16.0.30907.101
MinimumVisualStudioVersion = 10.0.40219.1
Project("{9A19103F-16F7-4668-BE54-9A1E7A4F7556}") = "SnappCar.API", "SnappCar.API\SnappCar.API.csproj", "{DDD3DF0C-6479-4627-9404-B20B3E2D2201}"
EndProject
Project("{9A19103F-16F7-4668-BE54-9A1E7A4F7556}") = "SnappCar.BLL", "SnappCar.BLL\SnappCar.BLL.csproj", "{BC444FC4-673D-47CB-87EB-B0821637010D}"
EndProject
Project("{FAE04EC0-301F-11D3-BF4B-00C04F79EFBC}") = "SnappCar.Test", "SnappCar.Test\SnappCar.Test.csproj", "{2A7BFD4B-6164-43C7-A324-655E6CFEA88F}"
EndProject
Global
	GlobalSection(SolutionConfigurationPlatforms) = preSolution
		Debug|Any CPU = Debug|Any CPU
		Release|Any CPU = Release|Any CPU
	EndGlobalSection
	GlobalSection(ProjectConfigurationPlatforms) = postSolution
		{DDD3DF0C-6479-4627-9404-B20B3E2D2201}.Debug|Any CPU.ActiveCfg = Debug|Any CPU
		{DDD3DF0C-6479-4627-9404-B20B3E2D2201}.Debug|Any CPU.Build.0 = Debug|Any CPU
		{DDD3DF0C-6479-4627-9404-B20B3E2D2201}.Release|Any CPU.ActiveCfg = Release|Any CPU
		{DDD3DF0C-6479-4627-9404-B20B3E2D2201}.Release|Any CPU.Build.0 = Release|Any CPU
		{BC444FC4-673D-47CB-87EB-B0821637010D}.Debug|Any CPU.ActiveCfg = Debug|Any CPU
		{BC444FC4-673D-47CB-87EB-B0821637010D}.Debug|Any CPU.Build.0 = Debug|Any CPU
		{BC444FC4-673D-47CB-87EB-B0821637010D}.Release|Any CPU.ActiveCfg = Release|Any CPU
		{BC444FC4-673D-47CB-87EB-B0821637010D}.Release|Any CPU.Build.0 = Release|Any CPU
		{2A7BFD4B-6164-43C7-A324-655E6CFEA88F}.Debug|Any CPU.ActiveCfg = Debug|Any CPU
		{2A7BFD4B-6164-43C7-A324-655E6CFEA88F}.Debug|Any CPU.Build.0 = Debug|Any CPU
		{2A7BFD4B-6164-43C7-A324-655E6CFEA88F}.Release|Any CPU.ActiveCfg = Release|Any CPU
		{2A7BFD4B-6164-43C7-A324-655E6CFEA88F}.Release|Any CPU.Build.0 = Release|Any CPU
	EndGlobalSection
	GlobalSection(SolutionProperties) = preSolution
		HideSolutionNode = FALSE
	EndGlobalSection
	GlobalSection(ExtensibilityGlobals) = postSolution
		SolutionGuid = {5DF0D88C-88E7-4E58-B325-581AAFF39FD7}
	EndGlobalSection
EndGlobal
